
Microsoft Visual Studio Solution File, Format Version 12.00
# Visual Studio Version 17
VisualStudioVersion = 17.1.32407.343
MinimumVisualStudioVersion = 10.0.40219.1
Project("{FAE04EC0-301F-11D3-BF4B-00C04F79EFBC}") = "todoapp", "todoapp\todoapp.csproj", "{5D482E5A-5B63-432A-91FD-3D671A37D3F4}"
EndProject
Global
	GlobalSection(SolutionConfigurationPlatforms) = preSolution
		Debug|Any CPU = Debug|Any CPU
		Release|Any CPU = Release|Any CPU
	EndGlobalSection
	GlobalSection(ProjectConfigurationPlatforms) = postSolution
		{5D482E5A-5B63-432A-91FD-3D671A37D3F4}.Debug|Any CPU.ActiveCfg = Debug|Any CPU
		{5D482E5A-5B63-432A-91FD-3D671A37D3F4}.Debug|Any CPU.Build.0 = Debug|Any CPU
		{5D482E5A-5B63-432A-91FD-3D671A37D3F4}.Release|Any CPU.ActiveCfg = Release|Any CPU
		{5D482E5A-5B63-432A-91FD-3D671A37D3F4}.Release|Any CPU.Build.0 = Release|Any CPU
	EndGlobalSection
	GlobalSection(SolutionProperties) = preSolution
		HideSolutionNode = FALSE
	EndGlobalSection
	GlobalSection(ExtensibilityGlobals) = postSolution
		SolutionGuid = {FE2489D0-5DEC-471F-9ECB-8154E529D26C}
	EndGlobalSection
EndGlobal
